
Microsoft Visual Studio Solution File, Format Version 12.00
# Visual Studio Version 16
VisualStudioVersion = 16.0.30309.148
MinimumVisualStudioVersion = 10.0.40219.1
Project("{FAE04EC0-301F-11D3-BF4B-00C04F79EFBC}") = "Blog", "Blog\Blog.csproj", "{333D4E54-B569-4475-AF1B-E7EC7E941928}"
EndProject
Global
	GlobalSection(SolutionConfigurationPlatforms) = preSolution
		Debug|Any CPU = Debug|Any CPU
		Release|Any CPU = Release|Any CPU
	EndGlobalSection
	GlobalSection(ProjectConfigurationPlatforms) = postSolution
		{333D4E54-B569-4475-AF1B-E7EC7E941928}.Debug|Any CPU.ActiveCfg = Debug|Any CPU
		{333D4E54-B569-4475-AF1B-E7EC7E941928}.Debug|Any CPU.Build.0 = Debug|Any CPU
		{333D4E54-B569-4475-AF1B-E7EC7E941928}.Release|Any CPU.ActiveCfg = Release|Any CPU
		{333D4E54-B569-4475-AF1B-E7EC7E941928}.Release|Any CPU.Build.0 = Release|Any CPU
	EndGlobalSection
	GlobalSection(SolutionProperties) = preSolution
		HideSolutionNode = FALSE
	EndGlobalSection
	GlobalSection(ExtensibilityGlobals) = postSolution
		SolutionGuid = {5B226210-3B11-461A-ACCE-6FDF5CC2A33C}
	EndGlobalSection
EndGlobal
